
Microsoft Visual Studio Solution File, Format Version 12.00
# Visual Studio Version 16
VisualStudioVersion = 16.0.29326.143
MinimumVisualStudioVersion = 10.0.40219.1
Project("{FAE04EC0-301F-11D3-BF4B-00C04F79EFBC}") = "HangbankTrainer", "HangbankTrainer\HangbankTrainer.csproj", "{5FFDA86F-896D-4F27-8932-CB2831328267}"
EndProject
Global
	GlobalSection(SolutionConfigurationPlatforms) = preSolution
		Debug|Any CPU = Debug|Any CPU
		Release|Any CPU = Release|Any CPU
	EndGlobalSection
	GlobalSection(ProjectConfigurationPlatforms) = postSolution
		{5FFDA86F-896D-4F27-8932-CB2831328267}.Debug|Any CPU.ActiveCfg = Debug|Any CPU
		{5FFDA86F-896D-4F27-8932-CB2831328267}.Debug|Any CPU.Build.0 = Debug|Any CPU
		{5FFDA86F-896D-4F27-8932-CB2831328267}.Release|Any CPU.ActiveCfg = Release|Any CPU
		{5FFDA86F-896D-4F27-8932-CB2831328267}.Release|Any CPU.Build.0 = Release|Any CPU
	EndGlobalSection
	GlobalSection(SolutionProperties) = preSolution
		HideSolutionNode = FALSE
	EndGlobalSection
	GlobalSection(ExtensibilityGlobals) = postSolution
		SolutionGuid = {D52CE58A-5EC3-4520-BFEB-81A8F85C3CD0}
	EndGlobalSection
EndGlobal
